// !$*UTF8*$!
{
	archiveVersion = 1;
	classes = {
	};
	objectVersion = 51;
	objects = {

/* Begin PBXBuildFile section */
		065C277D23F672EA00578994 /* AppDelegate.m in Sources */ = {isa = PBXBuildFile; fileRef = 065C277C23F672EA00578994 /* AppDelegate.m */; };
		065C278023F672EA00578994 /* SceneDelegate.m in Sources */ = {isa = PBXBuildFile; fileRef = 065C277F23F672EA00578994 /* SceneDelegate.m */; };
		065C278323F672EA00578994 /* ViewController.m in Sources */ = {isa = PBXBuildFile; fileRef = 065C278223F672EA00578994 /* ViewController.m */; };
		065C278623F672EA00578994 /* Main.storyboard in Resources */ = {isa = PBXBuildFile; fileRef = 065C278423F672EA00578994 /* Main.storyboard */; };
		065C278823F672ED00578994 /* Assets.xcassets in Resources */ = {isa = PBXBuildFile; fileRef = 065C278723F672ED00578994 /* Assets.xcassets */; };
		065C278B23F672ED00578994 /* LaunchScreen.storyboard in Resources */ = {isa = PBXBuildFile; fileRef = 065C278923F672ED00578994 /* LaunchScreen.storyboard */; };
		065C278E23F672ED00578994 /* main.m in Sources */ = {isa = PBXBuildFile; fileRef = 065C278D23F672ED00578994 /* main.m */; };
		065C279823F672EE00578994 /* PasswordEntryControlTests.m in Sources */ = {isa = PBXBuildFile; fileRef = 065C279723F672EE00578994 /* PasswordEntryControlTests.m */; };
		065C27A323F672EE00578994 /* PasswordEntryControlUITests.m in Sources */ = {isa = PBXBuildFile; fileRef = 065C27A223F672EE00578994 /* PasswordEntryControlUITests.m */; };
		065C27D423F6A4E500578994 /* InputPasswordView.m in Sources */ = {isa = PBXBuildFile; fileRef = 065C27D323F6A4E500578994 /* InputPasswordView.m */; };
		88A35ABA32F4F475020269DA /* Pods_PasswordEntryControlTests.framework in Frameworks */ = {isa = PBXBuildFile; fileRef = 3ED4017D5BCE7AE13F1911BD /* Pods_PasswordEntryControlTests.framework */; };
		D52A92C4D4F1ACED8312C27F /* Pods_PasswordEntryControl_PasswordEntryControlUITests.framework in Frameworks */ = {isa = PBXBuildFile; fileRef = C54C74B2D9DDC47B6E5E4095 /* Pods_PasswordEntryControl_PasswordEntryControlUITests.framework */; };
		E1F057DF00B8A493262AD001 /* Pods_PasswordEntryControl.framework in Frameworks */ = {isa = PBXBuildFile; fileRef = 4B70C9AF89283810A7F9C4F9 /* Pods_PasswordEntryControl.framework */; };
/* End PBXBuildFile section */

/* Begin PBXContainerItemProxy section */
		065C279423F672EE00578994 /* PBXContainerItemProxy */ = {
			isa = PBXContainerItemProxy;
			containerPortal = 065C277023F672EA00578994 /* Project object */;
			proxyType = 1;
			remoteGlobalIDString = 065C277723F672EA00578994;
			remoteInfo = PasswordEntryControl;
		};
		065C279F23F672EE00578994 /* PBXContainerItemProxy */ = {
			isa = PBXContainerItemProxy;
			containerPortal = 065C277023F672EA00578994 /* Project object */;
			proxyType = 1;
			remoteGlobalIDString = 065C277723F672EA00578994;
			remoteInfo = PasswordEntryControl;
		};
/* End PBXContainerItemProxy section */

/* Begin PBXFileReference section */
		065C277823F672EA00578994 /* PasswordEntryControl.app */ = {isa = PBXFileReference; explicitFileType = wrapper.application; includeInIndex = 0; path = PasswordEntryControl.app; sourceTree = BUILT_PRODUCTS_DIR; };
		065C277B23F672EA00578994 /* AppDelegate.h */ = {isa = PBXFileReference; lastKnownFileType = sourcecode.c.h; path = AppDelegate.h; sourceTree = "<group>"; };
		065C277C23F672EA00578994 /* AppDelegate.m */ = {isa = PBXFileReference; lastKnownFileType = sourcecode.c.objc; path = AppDelegate.m; sourceTree = "<group>"; };
		065C277E23F672EA00578994 /* SceneDelegate.h */ = {isa = PBXFileReference; lastKnownFileType = sourcecode.c.h; path = SceneDelegate.h; sourceTree = "<group>"; };
		065C277F23F672EA00578994 /* SceneDelegate.m */ = {isa = PBXFileReference; lastKnownFileType = sourcecode.c.objc; path = SceneDelegate.m; sourceTree = "<group>"; };
		065C278123F672EA00578994 /* ViewController.h */ = {isa = PBXFileReference; lastKnownFileType = sourcecode.c.h; path = ViewController.h; sourceTree = "<group>"; };
		065C278223F672EA00578994 /* ViewController.m */ = {isa = PBXFileReference; lastKnownFileType = sourcecode.c.objc; path = ViewController.m; sourceTree = "<group>"; };
		065C278523F672EA00578994 /* Base */ = {isa = PBXFileReference; lastKnownFileType = file.storyboard; name = Base; path = Base.lproj/Main.storyboard; sourceTree = "<group>"; };
		065C278723F672ED00578994 /* Assets.xcassets */ = {isa = PBXFileReference; lastKnownFileType = folder.assetcatalog; path = Assets.xcassets; sourceTree = "<group>"; };
		065C278A23F672ED00578994 /* Base */ = {isa = PBXFileReference; lastKnownFileType = file.storyboard; name = Base; path = Base.lproj/LaunchScreen.storyboard; sourceTree = "<group>"; };
		065C278C23F672ED00578994 /* Info.plist */ = {isa = PBXFileReference; lastKnownFileType = text.plist.xml; path = Info.plist; sourceTree = "<group>"; };
		065C278D23F672ED00578994 /* main.m */ = {isa = PBXFileReference; lastKnownFileType = sourcecode.c.objc; path = main.m; sourceTree = "<group>"; };
		065C279323F672EE00578994 /* PasswordEntryControlTests.xctest */ = {isa = PBXFileReference; explicitFileType = wrapper.cfbundle; includeInIndex = 0; path = PasswordEntryControlTests.xctest; sourceTree = BUILT_PRODUCTS_DIR; };
		065C279723F672EE00578994 /* PasswordEntryControlTests.m */ = {isa = PBXFileReference; lastKnownFileType = sourcecode.c.objc; path = PasswordEntryControlTests.m; sourceTree = "<group>"; };
		065C279923F672EE00578994 /* Info.plist */ = {isa = PBXFileReference; lastKnownFileType = text.plist.xml; path = Info.plist; sourceTree = "<group>"; };
		065C279E23F672EE00578994 /* PasswordEntryControlUITests.xctest */ = {isa = PBXFileReference; explicitFileType = wrapper.cfbundle; includeInIndex = 0; path = PasswordEntryControlUITests.xctest; sourceTree = BUILT_PRODUCTS_DIR; };
		065C27A223F672EE00578994 /* PasswordEntryControlUITests.m */ = {isa = PBXFileReference; lastKnownFileType = sourcecode.c.objc; path = PasswordEntryControlUITests.m; sourceTree = "<group>"; };
		065C27A423F672EE00578994 /* Info.plist */ = {isa = PBXFileReference; lastKnownFileType = text.plist.xml; path = Info.plist; sourceTree = "<group>"; };
		065C27D223F6A4E500578994 /* InputPasswordView.h */ = {isa = PBXFileReference; fileEncoding = 4; lastKnownFileType = sourcecode.c.h; path = InputPasswordView.h; sourceTree = "<group>"; };
		065C27D323F6A4E500578994 /* InputPasswordView.m */ = {isa = PBXFileReference; fileEncoding = 4; lastKnownFileType = sourcecode.c.objc; path = InputPasswordView.m; sourceTree = "<group>"; };
		0943B1F6F6B33E066AF7745F /* Pods-PasswordEntryControl-PasswordEntryControlUITests.release.xcconfig */ = {isa = PBXFileReference; includeInIndex = 1; lastKnownFileType = text.xcconfig; name = "Pods-PasswordEntryControl-PasswordEntryControlUITests.release.xcconfig"; path = "Target Support Files/Pods-PasswordEntryControl-PasswordEntryControlUITests/Pods-PasswordEntryControl-PasswordEntryControlUITests.release.xcconfig"; sourceTree = "<group>"; };
		0D7395A904C5EE120A63EB4D /* Pods-PasswordEntryControl-PasswordEntryControlUITests.debug.xcconfig */ = {isa = PBXFileReference; includeInIndex = 1; lastKnownFileType = text.xcconfig; name = "Pods-PasswordEntryControl-PasswordEntryControlUITests.debug.xcconfig"; path = "Target Support Files/Pods-PasswordEntryControl-PasswordEntryControlUITests/Pods-PasswordEntryControl-PasswordEntryControlUITests.debug.xcconfig"; sourceTree = "<group>"; };
		1C10283BD0C2414E288AB176 /* Pods-PasswordEntryControlTests.debug.xcconfig */ = {isa = PBXFileReference; includeInIndex = 1; lastKnownFileType = text.xcconfig; name = "Pods-PasswordEntryControlTests.debug.xcconfig"; path = "Target Support Files/Pods-PasswordEntryControlTests/Pods-PasswordEntryControlTests.debug.xcconfig"; sourceTree = "<group>"; };
		231070C894FC94A6FDEFF0B0 /* Pods-PasswordEntryControl.release.xcconfig */ = {isa = PBXFileReference; includeInIndex = 1; lastKnownFileType = text.xcconfig; name = "Pods-PasswordEntryControl.release.xcconfig"; path = "Target Support Files/Pods-PasswordEntryControl/Pods-PasswordEntryControl.release.xcconfig"; sourceTree = "<group>"; };
		3ED4017D5BCE7AE13F1911BD /* Pods_PasswordEntryControlTests.framework */ = {isa = PBXFileReference; explicitFileType = wrapper.framework; includeInIndex = 0; path = Pods_PasswordEntryControlTests.framework; sourceTree = BUILT_PRODUCTS_DIR; };
		4B70C9AF89283810A7F9C4F9 /* Pods_PasswordEntryControl.framework */ = {isa = PBXFileReference; explicitFileType = wrapper.framework; includeInIndex = 0; path = Pods_PasswordEntryControl.framework; sourceTree = BUILT_PRODUCTS_DIR; };
		85FBEDC9A20D19C78F75F79E /* Pods-PasswordEntryControl.debug.xcconfig */ = {isa = PBXFileReference; includeInIndex = 1; lastKnownFileType = text.xcconfig; name = "Pods-PasswordEntryControl.debug.xcconfig"; path = "Target Support Files/Pods-PasswordEntryControl/Pods-PasswordEntryControl.debug.xcconfig"; sourceTree = "<group>"; };
		9BF312B9CBA45BC1CC13277E /* Pods-PasswordEntryControlTests.release.xcconfig */ = {isa = PBXFileReference; includeInIndex = 1; lastKnownFileType = text.xcconfig; name = "Pods-PasswordEntryControlTests.release.xcconfig"; path = "Target Support Files/Pods-PasswordEntryControlTests/Pods-PasswordEntryControlTests.release.xcconfig"; sourceTree = "<group>"; };
		C54C74B2D9DDC47B6E5E4095 /* Pods_PasswordEntryControl_PasswordEntryControlUITests.framework */ = {isa = PBXFileReference; explicitFileType = wrapper.framework; includeInIndex = 0; path = Pods_PasswordEntryControl_PasswordEntryControlUITests.framework; sourceTree = BUILT_PRODUCTS_DIR; };
/* End PBXFileReference section */

/* Begin PBXFrameworksBuildPhase section */
		065C277523F672EA00578994 /* Frameworks */ = {
			isa = PBXFrameworksBuildPhase;
			buildActionMask = 2147483647;
			files = (
				E1F057DF00B8A493262AD001 /* Pods_PasswordEntryControl.framework in Frameworks */,
			);
			runOnlyForDeploymentPostprocessing = 0;
		};
		065C279023F672EE00578994 /* Frameworks */ = {
			isa = PBXFrameworksBuildPhase;
			buildActionMask = 2147483647;
			files = (
				88A35ABA32F4F475020269DA /* Pods_PasswordEntryControlTests.framework in Frameworks */,
			);
			runOnlyForDeploymentPostprocessing = 0;
		};
		065C279B23F672EE00578994 /* Frameworks */ = {
			isa = PBXFrameworksBuildPhase;
			buildActionMask = 2147483647;
			files = (
				D52A92C4D4F1ACED8312C27F /* Pods_PasswordEntryControl_PasswordEntryControlUITests.framework in Frameworks */,
			);
			runOnlyForDeploymentPostprocessing = 0;
		};
/* End PBXFrameworksBuildPhase section */

/* Begin PBXGroup section */
		065C276F23F672EA00578994 = {
			isa = PBXGroup;
			children = (
				065C277A23F672EA00578994 /* PasswordEntryControl */,
				065C279623F672EE00578994 /* PasswordEntryControlTests */,
				065C27A123F672EE00578994 /* PasswordEntryControlUITests */,
				065C277923F672EA00578994 /* Products */,
				7F7CBBD472BA2A2BBD50E4FB /* Pods */,
				27282665A2B07E1B62DF57BA /* Frameworks */,
			);
			sourceTree = "<group>";
		};
		065C277923F672EA00578994 /* Products */ = {
			isa = PBXGroup;
			children = (
				065C277823F672EA00578994 /* PasswordEntryControl.app */,
				065C279323F672EE00578994 /* PasswordEntryControlTests.xctest */,
				065C279E23F672EE00578994 /* PasswordEntryControlUITests.xctest */,
			);
			name = Products;
			sourceTree = "<group>";
		};
		065C277A23F672EA00578994 /* PasswordEntryControl */ = {
			isa = PBXGroup;
			children = (
				065C27D123F6A4E500578994 /* InputPassword */,
				065C277B23F672EA00578994 /* AppDelegate.h */,
				065C277C23F672EA00578994 /* AppDelegate.m */,
				065C277E23F672EA00578994 /* SceneDelegate.h */,
				065C277F23F672EA00578994 /* SceneDelegate.m */,
				065C278123F672EA00578994 /* ViewController.h */,
				065C278223F672EA00578994 /* ViewController.m */,
				065C278423F672EA00578994 /* Main.storyboard */,
				065C278723F672ED00578994 /* Assets.xcassets */,
				065C278923F672ED00578994 /* LaunchScreen.storyboard */,
				065C278C23F672ED00578994 /* Info.plist */,
				065C278D23F672ED00578994 /* main.m */,
			);
			path = PasswordEntryControl;
			sourceTree = "<group>";
		};
		065C279623F672EE00578994 /* PasswordEntryControlTests */ = {
			isa = PBXGroup;
			children = (
				065C279723F672EE00578994 /* PasswordEntryControlTests.m */,
				065C279923F672EE00578994 /* Info.plist */,
			);
			path = PasswordEntryControlTests;
			sourceTree = "<group>";
		};
		065C27A123F672EE00578994 /* PasswordEntryControlUITests */ = {
			isa = PBXGroup;
			children = (
				065C27A223F672EE00578994 /* PasswordEntryControlUITests.m */,
				065C27A423F672EE00578994 /* Info.plist */,
			);
			path = PasswordEntryControlUITests;
			sourceTree = "<group>";
		};
		065C27D123F6A4E500578994 /* InputPassword */ = {
			isa = PBXGroup;
			children = (
				065C27D223F6A4E500578994 /* InputPasswordView.h */,
				065C27D323F6A4E500578994 /* InputPasswordView.m */,
			);
			name = InputPassword;
			path = ../../InputPassword;
			sourceTree = "<group>";
		};
		27282665A2B07E1B62DF57BA /* Frameworks */ = {
			isa = PBXGroup;
			children = (
				4B70C9AF89283810A7F9C4F9 /* Pods_PasswordEntryControl.framework */,
				C54C74B2D9DDC47B6E5E4095 /* Pods_PasswordEntryControl_PasswordEntryControlUITests.framework */,
				3ED4017D5BCE7AE13F1911BD /* Pods_PasswordEntryControlTests.framework */,
			);
			name = Frameworks;
			sourceTree = "<group>";
		};
		7F7CBBD472BA2A2BBD50E4FB /* Pods */ = {
			isa = PBXGroup;
			children = (
				85FBEDC9A20D19C78F75F79E /* Pods-PasswordEntryControl.debug.xcconfig */,
				231070C894FC94A6FDEFF0B0 /* Pods-PasswordEntryControl.release.xcconfig */,
				0D7395A904C5EE120A63EB4D /* Pods-PasswordEntryControl-PasswordEntryControlUITests.debug.xcconfig */,
				0943B1F6F6B33E066AF7745F /* Pods-PasswordEntryControl-PasswordEntryControlUITests.release.xcconfig */,
				1C10283BD0C2414E288AB176 /* Pods-PasswordEntryControlTests.debug.xcconfig */,
				9BF312B9CBA45BC1CC13277E /* Pods-PasswordEntryControlTests.release.xcconfig */,
			);
			path = Pods;
			sourceTree = "<group>";
		};
/* End PBXGroup section */

/* Begin PBXNativeTarget section */
		065C277723F672EA00578994 /* PasswordEntryControl */ = {
			isa = PBXNativeTarget;
			buildConfigurationList = 065C27A723F672EE00578994 /* Build configuration list for PBXNativeTarget "PasswordEntryControl" */;
			buildPhases = (
				2C2EFE4DFF5E02DD2AF0EF3A /* [CP] Check Pods Manifest.lock */,
				065C277423F672EA00578994 /* Sources */,
				065C277523F672EA00578994 /* Frameworks */,
				065C277623F672EA00578994 /* Resources */,
				42C5B0C9166A1417CE00E786 /* [CP] Embed Pods Frameworks */,
			);
			buildRules = (
			);
			dependencies = (
			);
			name = PasswordEntryControl;
			productName = PasswordEntryControl;
			productReference = 065C277823F672EA00578994 /* PasswordEntryControl.app */;
			productType = "com.apple.product-type.application";
		};
		065C279223F672EE00578994 /* PasswordEntryControlTests */ = {
			isa = PBXNativeTarget;
			buildConfigurationList = 065C27AA23F672EE00578994 /* Build configuration list for PBXNativeTarget "PasswordEntryControlTests" */;
			buildPhases = (
				507BFF2216C66238CAE10CD9 /* [CP] Check Pods Manifest.lock */,
				065C278F23F672EE00578994 /* Sources */,
				065C279023F672EE00578994 /* Frameworks */,
				065C279123F672EE00578994 /* Resources */,
			);
			buildRules = (
			);
			dependencies = (
				065C279523F672EE00578994 /* PBXTargetDependency */,
			);
			name = PasswordEntryControlTests;
			productName = PasswordEntryControlTests;
			productReference = 065C279323F672EE00578994 /* PasswordEntryControlTests.xctest */;
			productType = "com.apple.product-type.bundle.unit-test";
		};
		065C279D23F672EE00578994 /* PasswordEntryControlUITests */ = {
			isa = PBXNativeTarget;
			buildConfigurationList = 065C27AD23F672EE00578994 /* Build configuration list for PBXNativeTarget "PasswordEntryControlUITests" */;
			buildPhases = (
				069C87C0EB6809FBE2D5F860 /* [CP] Check Pods Manifest.lock */,
				065C279A23F672EE00578994 /* Sources */,
				065C279B23F672EE00578994 /* Frameworks */,
				065C279C23F672EE00578994 /* Resources */,
				C4707C2DAC83A3D8A7415511 /* [CP] Embed Pods Frameworks */,
			);
			buildRules = (
			);
			dependencies = (
				065C27A023F672EE00578994 /* PBXTargetDependency */,
			);
			name = PasswordEntryControlUITests;
			productName = PasswordEntryControlUITests;
			productReference = 065C279E23F672EE00578994 /* PasswordEntryControlUITests.xctest */;
			productType = "com.apple.product-type.bundle.ui-testing";
		};
/* End PBXNativeTarget section */

/* Begin PBXProject section */
		065C277023F672EA00578994 /* Project object */ = {
			isa = PBXProject;
			attributes = {
				LastUpgradeCheck = 1130;
				ORGANIZATIONNAME = "混沌网络科技";
				TargetAttributes = {
					065C277723F672EA00578994 = {
						CreatedOnToolsVersion = 11.3;
					};
					065C279223F672EE00578994 = {
						CreatedOnToolsVersion = 11.3;
						TestTargetID = 065C277723F672EA00578994;
					};
					065C279D23F672EE00578994 = {
						CreatedOnToolsVersion = 11.3;
						TestTargetID = 065C277723F672EA00578994;
					};
				};
			};
			buildConfigurationList = 065C277323F672EA00578994 /* Build configuration list for PBXProject "PasswordEntryControl" */;
			compatibilityVersion = "Xcode 9.3";
			developmentRegion = en;
			hasScannedForEncodings = 0;
			knownRegions = (
				en,
				Base,
			);
			mainGroup = 065C276F23F672EA00578994;
			productRefGroup = 065C277923F672EA00578994 /* Products */;
			projectDirPath = "";
			projectRoot = "";
			targets = (
				065C277723F672EA00578994 /* PasswordEntryControl */,
				065C279223F672EE00578994 /* PasswordEntryControlTests */,
				065C279D23F672EE00578994 /* PasswordEntryControlUITests */,
			);
		};
/* End PBXProject section */

/* Begin PBXResourcesBuildPhase section */
		065C277623F672EA00578994 /* Resources */ = {
			isa = PBXResourcesBuildPhase;
			buildActionMask = 2147483647;
			files = (
				065C278B23F672ED00578994 /* LaunchScreen.storyboard in Resources */,
				065C278823F672ED00578994 /* Assets.xcassets in Resources */,
				065C278623F672EA00578994 /* Main.storyboard in Resources */,
			);
			runOnlyForDeploymentPostprocessing = 0;
		};
		065C279123F672EE00578994 /* Resources */ = {
			isa = PBXResourcesBuildPhase;
			buildActionMask = 2147483647;
			files = (
			);
			runOnlyForDeploymentPostprocessing = 0;
		};
		065C279C23F672EE00578994 /* Resources */ = {
			isa = PBXResourcesBuildPhase;
			buildActionMask = 2147483647;
			files = (
			);
			runOnlyForDeploymentPostprocessing = 0;
		};
/* End PBXResourcesBuildPhase section */

/* Begin PBXShellScriptBuildPhase section */
		069C87C0EB6809FBE2D5F860 /* [CP] Check Pods Manifest.lock */ = {
			isa = PBXShellScriptBuildPhase;
			buildActionMask = 2147483647;
			files = (
			);
			inputFileListPaths = (
			);
			inputPaths = (
				"${PODS_PODFILE_DIR_PATH}/Podfile.lock",
				"${PODS_ROOT}/Manifest.lock",
			);
			name = "[CP] Check Pods Manifest.lock";
			outputFileListPaths = (
			);
			outputPaths = (
				"$(DERIVED_FILE_DIR)/Pods-PasswordEntryControl-PasswordEntryControlUITests-checkManifestLockResult.txt",
			);
			runOnlyForDeploymentPostprocessing = 0;
			shellPath = /bin/sh;
			shellScript = "diff \"${PODS_PODFILE_DIR_PATH}/Podfile.lock\" \"${PODS_ROOT}/Manifest.lock\" > /dev/null\nif [ $? != 0 ] ; then\n    # print error to STDERR\n    echo \"error: The sandbox is not in sync with the Podfile.lock. Run 'pod install' or update your CocoaPods installation.\" >&2\n    exit 1\nfi\n# This output is used by Xcode 'outputs' to avoid re-running this script phase.\necho \"SUCCESS\" > \"${SCRIPT_OUTPUT_FILE_0}\"\n";
			showEnvVarsInLog = 0;
		};
		2C2EFE4DFF5E02DD2AF0EF3A /* [CP] Check Pods Manifest.lock */ = {
			isa = PBXShellScriptBuildPhase;
			buildActionMask = 2147483647;
			files = (
			);
			inputFileListPaths = (
			);
			inputPaths = (
				"${PODS_PODFILE_DIR_PATH}/Podfile.lock",
				"${PODS_ROOT}/Manifest.lock",
			);
			name = "[CP] Check Pods Manifest.lock";
			outputFileListPaths = (
			);
			outputPaths = (
				"$(DERIVED_FILE_DIR)/Pods-PasswordEntryControl-checkManifestLockResult.txt",
			);
			runOnlyForDeploymentPostprocessing = 0;
			shellPath = /bin/sh;
			shellScript = "diff \"${PODS_PODFILE_DIR_PATH}/Podfile.lock\" \"${PODS_ROOT}/Manifest.lock\" > /dev/null\nif [ $? != 0 ] ; then\n    # print error to STDERR\n    echo \"error: The sandbox is not in sync with the Podfile.lock. Run 'pod install' or update your CocoaPods installation.\" >&2\n    exit 1\nfi\n# This output is used by Xcode 'outputs' to avoid re-running this script phase.\necho \"SUCCESS\" > \"${SCRIPT_OUTPUT_FILE_0}\"\n";
			showEnvVarsInLog = 0;
		};
		42C5B0C9166A1417CE00E786 /* [CP] Embed Pods Frameworks */ = {
			isa = PBXShellScriptBuildPhase;
			buildActionMask = 2147483647;
			files = (
			);
			inputFileListPaths = (
				"${PODS_ROOT}/Target Support Files/Pods-PasswordEntryControl/Pods-PasswordEntryControl-frameworks-${CONFIGURATION}-input-files.xcfilelist",
			);
			name = "[CP] Embed Pods Frameworks";
			outputFileListPaths = (
				"${PODS_ROOT}/Target Support Files/Pods-PasswordEntryControl/Pods-PasswordEntryControl-frameworks-${CONFIGURATION}-output-files.xcfilelist",
			);
			runOnlyForDeploymentPostprocessing = 0;
			shellPath = /bin/sh;
			shellScript = "\"${PODS_ROOT}/Target Support Files/Pods-PasswordEntryControl/Pods-PasswordEntryControl-frameworks.sh\"\n";
			showEnvVarsInLog = 0;
		};
		507BFF2216C66238CAE10CD9 /* [CP] Check Pods Manifest.lock */ = {
			isa = PBXShellScriptBuildPhase;
			buildActionMask = 2147483647;
			files = (
			);
			inputFileListPaths = (
			);
			inputPaths = (
				"${PODS_PODFILE_DIR_PATH}/Podfile.lock",
				"${PODS_ROOT}/Manifest.lock",
			);
			name = "[CP] Check Pods Manifest.lock";
			outputFileListPaths = (
			);
			outputPaths = (
				"$(DERIVED_FILE_DIR)/Pods-PasswordEntryControlTests-checkManifestLockResult.txt",
			);
			runOnlyForDeploymentPostprocessing = 0;
			shellPath = /bin/sh;
			shellScript = "diff \"${PODS_PODFILE_DIR_PATH}/Podfile.lock\" \"${PODS_ROOT}/Manifest.lock\" > /dev/null\nif [ $? != 0 ] ; then\n    # print error to STDERR\n    echo \"error: The sandbox is not in sync with the Podfile.lock. Run 'pod install' or update your CocoaPods installation.\" >&2\n    exit 1\nfi\n# This output is used by Xcode 'outputs' to avoid re-running this script phase.\necho \"SUCCESS\" > \"${SCRIPT_OUTPUT_FILE_0}\"\n";
			showEnvVarsInLog = 0;
		};
		C4707C2DAC83A3D8A7415511 /* [CP] Embed Pods Frameworks */ = {
			isa = PBXShellScriptBuildPhase;
			buildActionMask = 2147483647;
			files = (
			);
			inputFileListPaths = (
				"${PODS_ROOT}/Target Support Files/Pods-PasswordEntryControl-PasswordEntryControlUITests/Pods-PasswordEntryControl-PasswordEntryControlUITests-frameworks-${CONFIGURATION}-input-files.xcfilelist",
			);
			name = "[CP] Embed Pods Frameworks";
			outputFileListPaths = (
				"${PODS_ROOT}/Target Support Files/Pods-PasswordEntryControl-PasswordEntryControlUITests/Pods-PasswordEntryControl-PasswordEntryControlUITests-frameworks-${CONFIGURATION}-output-files.xcfilelist",
			);
			runOnlyForDeploymentPostprocessing = 0;
			shellPath = /bin/sh;
			shellScript = "\"${PODS_ROOT}/Target Support Files/Pods-PasswordEntryControl-PasswordEntryControlUITests/Pods-PasswordEntryControl-PasswordEntryControlUITests-frameworks.sh\"\n";
			showEnvVarsInLog = 0;
		};
/* End PBXShellScriptBuildPhase section */

/* Begin PBXSourcesBuildPhase section */
		065C277423F672EA00578994 /* Sources */ = {
			isa = PBXSourcesBuildPhase;
			buildActionMask = 2147483647;
			files = (
				065C278323F672EA00578994 /* ViewController.m in Sources */,
				065C277D23F672EA00578994 /* AppDelegate.m in Sources */,
				065C278E23F672ED00578994 /* main.m in Sources */,
				065C27D423F6A4E500578994 /* InputPasswordView.m in Sources */,
				065C278023F672EA00578994 /* SceneDelegate.m in Sources */,
			);
			runOnlyForDeploymentPostprocessing = 0;
		};
		065C278F23F672EE00578994 /* Sources */ = {
			isa = PBXSourcesBuildPhase;
			buildActionMask = 2147483647;
			files = (
				065C279823F672EE00578994 /* PasswordEntryControlTests.m in Sources */,
			);
			runOnlyForDeploymentPostprocessing = 0;
		};
		065C279A23F672EE00578994 /* Sources */ = {
			isa = PBXSourcesBuildPhase;
			buildActionMask = 2147483647;
			files = (
				065C27A323F672EE00578994 /* PasswordEntryControlUITests.m in Sources */,
			);
			runOnlyForDeploymentPostprocessing = 0;
		};
/* End PBXSourcesBuildPhase section */

/* Begin PBXTargetDependency section */
		065C279523F672EE00578994 /* PBXTargetDependency */ = {
			isa = PBXTargetDependency;
			target = 065C277723F672EA00578994 /* PasswordEntryControl */;
			targetProxy = 065C279423F672EE00578994 /* PBXContainerItemProxy */;
		};
		065C27A023F672EE00578994 /* PBXTargetDependency */ = {
			isa = PBXTargetDependency;
			target = 065C277723F672EA00578994 /* PasswordEntryControl */;
			targetProxy = 065C279F23F672EE00578994 /* PBXContainerItemProxy */;
		};
/* End PBXTargetDependency section */

/* Begin PBXVariantGroup section */
		065C278423F672EA00578994 /* Main.storyboard */ = {
			isa = PBXVariantGroup;
			children = (
				065C278523F672EA00578994 /* Base */,
			);
			name = Main.storyboard;
			sourceTree = "<group>";
		};
		065C278923F672ED00578994 /* LaunchScreen.storyboard */ = {
			isa = PBXVariantGroup;
			children = (
				065C278A23F672ED00578994 /* Base */,
			);
			name = LaunchScreen.storyboard;
			sourceTree = "<group>";
		};
/* End PBXVariantGroup section */

/* Begin XCBuildConfiguration section */
		065C27A523F672EE00578994 /* Debug */ = {
			isa = XCBuildConfiguration;
			buildSettings = {
				ALWAYS_SEARCH_USER_PATHS = NO;
				CLANG_ANALYZER_NONNULL = YES;
				CLANG_ANALYZER_NUMBER_OBJECT_CONVERSION = YES_AGGRESSIVE;
				CLANG_CXX_LANGUAGE_STANDARD = "gnu++14";
				CLANG_CXX_LIBRARY = "libc++";
				CLANG_ENABLE_MODULES = YES;
				CLANG_ENABLE_OBJC_ARC = YES;
				CLANG_ENABLE_OBJC_WEAK = YES;
				CLANG_WARN_BLOCK_CAPTURE_AUTORELEASING = YES;
				CLANG_WARN_BOOL_CONVERSION = YES;
				CLANG_WARN_COMMA = YES;
				CLANG_WARN_CONSTANT_CONVERSION = YES;
				CLANG_WARN_DEPRECATED_OBJC_IMPLEMENTATIONS = YES;
				CLANG_WARN_DIRECT_OBJC_ISA_USAGE = YES_ERROR;
				CLANG_WARN_DOCUMENTATION_COMMENTS = YES;
				CLANG_WARN_EMPTY_BODY = YES;
				CLANG_WARN_ENUM_CONVERSION = YES;
				CLANG_WARN_INFINITE_RECURSION = YES;
				CLANG_WARN_INT_CONVERSION = YES;
				CLANG_WARN_NON_LITERAL_NULL_CONVERSION = YES;
				CLANG_WARN_OBJC_IMPLICIT_RETAIN_SELF = YES;
				CLANG_WARN_OBJC_LITERAL_CONVERSION = YES;
				CLANG_WARN_OBJC_ROOT_CLASS = YES_ERROR;
				CLANG_WARN_RANGE_LOOP_ANALYSIS = YES;
				CLANG_WARN_STRICT_PROTOTYPES = YES;
				CLANG_WARN_SUSPICIOUS_MOVE = YES;
				CLANG_WARN_UNGUARDED_AVAILABILITY = YES_AGGRESSIVE;
				CLANG_WARN_UNREACHABLE_CODE = YES;
				CLANG_WARN__DUPLICATE_METHOD_MATCH = YES;
				COPY_PHASE_STRIP = NO;
				DEBUG_INFORMATION_FORMAT = dwarf;
				ENABLE_STRICT_OBJC_MSGSEND = YES;
				ENABLE_TESTABILITY = YES;
				GCC_C_LANGUAGE_STANDARD = gnu11;
				GCC_DYNAMIC_NO_PIC = NO;
				GCC_NO_COMMON_BLOCKS = YES;
				GCC_OPTIMIZATION_LEVEL = 0;
				GCC_PREPROCESSOR_DEFINITIONS = (
					"DEBUG=1",
					"$(inherited)",
				);
				GCC_WARN_64_TO_32_BIT_CONVERSION = YES;
				GCC_WARN_ABOUT_RETURN_TYPE = YES_ERROR;
				GCC_WARN_UNDECLARED_SELECTOR = YES;
				GCC_WARN_UNINITIALIZED_AUTOS = YES_AGGRESSIVE;
				GCC_WARN_UNUSED_FUNCTION = YES;
				GCC_WARN_UNUSED_VARIABLE = YES;
				IPHONEOS_DEPLOYMENT_TARGET = 13.2;
				MTL_ENABLE_DEBUG_INFO = INCLUDE_SOURCE;
				MTL_FAST_MATH = YES;
				ONLY_ACTIVE_ARCH = YES;
				SDKROOT = iphoneos;
			};
			name = Debug;
		};
		065C27A623F672EE00578994 /* Release */ = {
			isa = XCBuildConfiguration;
			buildSettings = {
				ALWAYS_SEARCH_USER_PATHS = NO;
				CLANG_ANALYZER_NONNULL = YES;
				CLANG_ANALYZER_NUMBER_OBJECT_CONVERSION = YES_AGGRESSIVE;
				CLANG_CXX_LANGUAGE_STANDARD = "gnu++14";
				CLANG_CXX_LIBRARY = "libc++";
				CLANG_ENABLE_MODULES = YES;
				CLANG_ENABLE_OBJC_ARC = YES;
				CLANG_ENABLE_OBJC_WEAK = YES;
				CLANG_WARN_BLOCK_CAPTURE_AUTORELEASING = YES;
				CLANG_WARN_BOOL_CONVERSION = YES;
				CLANG_WARN_COMMA = YES;
				CLANG_WARN_CONSTANT_CONVERSION = YES;
				CLANG_WARN_DEPRECATED_OBJC_IMPLEMENTATIONS = YES;
				CLANG_WARN_DIRECT_OBJC_ISA_USAGE = YES_ERROR;
				CLANG_WARN_DOCUMENTATION_COMMENTS = YES;
				CLANG_WARN_EMPTY_BODY = YES;
				CLANG_WARN_ENUM_CONVERSION = YES;
				CLANG_WARN_INFINITE_RECURSION = YES;
				CLANG_WARN_INT_CONVERSION = YES;
				CLANG_WARN_NON_LITERAL_NULL_CONVERSION = YES;
				CLANG_WARN_OBJC_IMPLICIT_RETAIN_SELF = YES;
				CLANG_WARN_OBJC_LITERAL_CONVERSION = YES;
				CLANG_WARN_OBJC_ROOT_CLASS = YES_ERROR;
				CLANG_WARN_RANGE_LOOP_ANALYSIS = YES;
				CLANG_WARN_STRICT_PROTOTYPES = YES;
				CLANG_WARN_SUSPICIOUS_MOVE = YES;
				CLANG_WARN_UNGUARDED_AVAILABILITY = YES_AGGRESSIVE;
				CLANG_WARN_UNREACHABLE_CODE = YES;
				CLANG_WARN__DUPLICATE_METHOD_MATCH = YES;
				COPY_PHASE_STRIP = NO;
				DEBUG_INFORMATION_FORMAT = "dwarf-with-dsym";
				ENABLE_NS_ASSERTIONS = NO;
				ENABLE_STRICT_OBJC_MSGSEND = YES;
				GCC_C_LANGUAGE_STANDARD = gnu11;
				GCC_NO_COMMON_BLOCKS = YES;
				GCC_WARN_64_TO_32_BIT_CONVERSION = YES;
				GCC_WARN_ABOUT_RETURN_TYPE = YES_ERROR;
				GCC_WARN_UNDECLARED_SELECTOR = YES;
				GCC_WARN_UNINITIALIZED_AUTOS = YES_AGGRESSIVE;
				GCC_WARN_UNUSED_FUNCTION = YES;
				GCC_WARN_UNUSED_VARIABLE = YES;
				IPHONEOS_DEPLOYMENT_TARGET = 13.2;
				MTL_ENABLE_DEBUG_INFO = NO;
				MTL_FAST_MATH = YES;
				SDKROOT = iphoneos;
				VALIDATE_PRODUCT = YES;
			};
			name = Release;
		};
		065C27A823F672EE00578994 /* Debug */ = {
			isa = XCBuildConfiguration;
			baseConfigurationReference = 85FBEDC9A20D19C78F75F79E /* Pods-PasswordEntryControl.debug.xcconfig */;
			buildSettings = {
				ASSETCATALOG_COMPILER_APPICON_NAME = AppIcon;
				CODE_SIGN_STYLE = Automatic;
				DEVELOPMENT_TEAM = BM98DR3HZ2;
				INFOPLIST_FILE = PasswordEntryControl/Info.plist;
				LD_RUNPATH_SEARCH_PATHS = (
					"$(inherited)",
					"@executable_path/Frameworks",
				);
				PRODUCT_BUNDLE_IDENTIFIER = HD.PasswordEntryControl;
				PRODUCT_NAME = "$(TARGET_NAME)";
				TARGETED_DEVICE_FAMILY = "1,2";
			};
			name = Debug;
		};
		065C27A923F672EE00578994 /* Release */ = {
			isa = XCBuildConfiguration;
			baseConfigurationReference = 231070C894FC94A6FDEFF0B0 /* Pods-PasswordEntryControl.release.xcconfig */;
			buildSettings = {
				ASSETCATALOG_COMPILER_APPICON_NAME = AppIcon;
				CODE_SIGN_STYLE = Automatic;
				DEVELOPMENT_TEAM = BM98DR3HZ2;
				INFOPLIST_FILE = PasswordEntryControl/Info.plist;
				LD_RUNPATH_SEARCH_PATHS = (
					"$(inherited)",
					"@executable_path/Frameworks",
				);
				PRODUCT_BUNDLE_IDENTIFIER = HD.PasswordEntryControl;
				PRODUCT_NAME = "$(TARGET_NAME)";
				TARGETED_DEVICE_FAMILY = "1,2";
			};
			name = Release;
		};
		065C27AB23F672EE00578994 /* Debug */ = {
			isa = XCBuildConfiguration;
			baseConfigurationReference = 1C10283BD0C2414E288AB176 /* Pods-PasswordEntryControlTests.debug.xcconfig */;
			buildSettings = {
				BUNDLE_LOADER = "$(TEST_HOST)";
				CODE_SIGN_STYLE = Automatic;
				DEVELOPMENT_TEAM = BM98DR3HZ2;
				INFOPLIST_FILE = PasswordEntryControlTests/Info.plist;
				IPHONEOS_DEPLOYMENT_TARGET = 13.2;
				LD_RUNPATH_SEARCH_PATHS = (
					"$(inherited)",
					"@executable_path/Frameworks",
					"@loader_path/Frameworks",
				);
				PRODUCT_BUNDLE_IDENTIFIER = HD.PasswordEntryControlTests;
				PRODUCT_NAME = "$(TARGET_NAME)";
				TARGETED_DEVICE_FAMILY = "1,2";
				TEST_HOST = "$(BUILT_PRODUCTS_DIR)/PasswordEntryControl.app/PasswordEntryControl";
			};
			name = Debug;
		};
		065C27AC23F672EE00578994 /* Release */ = {
			isa = XCBuildConfiguration;
			baseConfigurationReference = 9BF312B9CBA45BC1CC13277E /* Pods-PasswordEntryControlTests.release.xcconfig */;
			buildSettings = {
				BUNDLE_LOADER = "$(TEST_HOST)";
				CODE_SIGN_STYLE = Automatic;
				DEVELOPMENT_TEAM = BM98DR3HZ2;
				INFOPLIST_FILE = PasswordEntryControlTests/Info.plist;
				IPHONEOS_DEPLOYMENT_TARGET = 13.2;
				LD_RUNPATH_SEARCH_PATHS = (
					"$(inherited)",
					"@executable_path/Frameworks",
					"@loader_path/Frameworks",
				);
				PRODUCT_BUNDLE_IDENTIFIER = HD.PasswordEntryControlTests;
				PRODUCT_NAME = "$(TARGET_NAME)";
				TARGETED_DEVICE_FAMILY = "1,2";
				TEST_HOST = "$(BUILT_PRODUCTS_DIR)/PasswordEntryControl.app/PasswordEntryControl";
			};
			name = Release;
		};
		065C27AE23F672EE00578994 /* Debug */ = {
			isa = XCBuildConfiguration;
			baseConfigurationReference = 0D7395A904C5EE120A63EB4D /* Pods-PasswordEntryControl-PasswordEntryControlUITests.debug.xcconfig */;
			buildSettings = {
				CODE_SIGN_STYLE = Automatic;
				DEVELOPMENT_TEAM = BM98DR3HZ2;
				INFOPLIST_FILE = PasswordEntryControlUITests/Info.plist;
				LD_RUNPATH_SEARCH_PATHS = (
					"$(inherited)",
					"@executable_path/Frameworks",
					"@loader_path/Frameworks",
				);
				PRODUCT_BUNDLE_IDENTIFIER = HD.PasswordEntryControlUITests;
				PRODUCT_NAME = "$(TARGET_NAME)";
				TARGETED_DEVICE_FAMILY = "1,2";
				TEST_TARGET_NAME = PasswordEntryControl;
			};
			name = Debug;
		};
		065C27AF23F672EE00578994 /* Release */ = {
			isa = XCBuildConfiguration;
			baseConfigurationReference = 0943B1F6F6B33E066AF7745F /* Pods-PasswordEntryControl-PasswordEntryControlUITests.release.xcconfig */;
			buildSettings = {
				CODE_SIGN_STYLE = Automatic;
				DEVELOPMENT_TEAM = BM98DR3HZ2;
				INFOPLIST_FILE = PasswordEntryControlUITests/Info.plist;
				LD_RUNPATH_SEARCH_PATHS = (
					"$(inherited)",
					"@executable_path/Frameworks",
					"@loader_path/Frameworks",
				);
				PRODUCT_BUNDLE_IDENTIFIER = HD.PasswordEntryControlUITests;
				PRODUCT_NAME = "$(TARGET_NAME)";
				TARGETED_DEVICE_FAMILY = "1,2";
				TEST_TARGET_NAME = PasswordEntryControl;
			};
			name = Release;
		};
/* End XCBuildConfiguration section */

/* Begin XCConfigurationList section */
		065C277323F672EA00578994 /* Build configuration list for PBXProject "PasswordEntryControl" */ = {
			isa = XCConfigurationList;
			buildConfigurations = (
				065C27A523F672EE00578994 /* Debug */,
				065C27A623F672EE00578994 /* Release */,
			);
			defaultConfigurationIsVisible = 0;
			defaultConfigurationName = Release;
		};
		065C27A723F672EE00578994 /* Build configuration list for PBXNativeTarget "PasswordEntryControl" */ = {
			isa = XCConfigurationList;
			buildConfigurations = (
				065C27A823F672EE00578994 /* Debug */,
				065C27A923F672EE00578994 /* Release */,
			);
			defaultConfigurationIsVisible = 0;
			defaultConfigurationName = Release;
		};
		065C27AA23F672EE00578994 /* Build configuration list for PBXNativeTarget "PasswordEntryControlTests" */ = {
			isa = XCConfigurationList;
			buildConfigurations = (
				065C27AB23F672EE00578994 /* Debug */,
				065C27AC23F672EE00578994 /* Release */,
			);
			defaultConfigurationIsVisible = 0;
			defaultConfigurationName = Release;
		};
		065C27AD23F672EE00578994 /* Build configuration list for PBXNativeTarget "PasswordEntryControlUITests" */ = {
			isa = XCConfigurationList;
			buildConfigurations = (
				065C27AE23F672EE00578994 /* Debug */,
				065C27AF23F672EE00578994 /* Release */,
			);
			defaultConfigurationIsVisible = 0;
			defaultConfigurationName = Release;
		};
/* End XCConfigurationList section */
	};
	rootObject = 065C277023F672EA00578994 /* Project object */;
}
